
Microsoft Visual Studio Solution File, Format Version 12.00
# Visual Studio 2012
Project("{FAE04EC0-301F-11D3-BF4B-00C04F79EFBC}") = "PhotoDataModel", "PhotoDataModel.csproj", "{6FFF6DD7-16A6-4CA7-9186-E6042A9FDFBE}"
EndProject
Global
	GlobalSection(SolutionConfigurationPlatforms) = preSolution
		Debug|Any CPU = Debug|Any CPU
		Release|Any CPU = Release|Any CPU
	EndGlobalSection
	GlobalSection(ProjectConfigurationPlatforms) = postSolution
		{6FFF6DD7-16A6-4CA7-9186-E6042A9FDFBE}.Debug|Any CPU.ActiveCfg = Debug|Any CPU
		{6FFF6DD7-16A6-4CA7-9186-E6042A9FDFBE}.Debug|Any CPU.Build.0 = Debug|Any CPU
		{6FFF6DD7-16A6-4CA7-9186-E6042A9FDFBE}.Release|Any CPU.ActiveCfg = Release|Any CPU
		{6FFF6DD7-16A6-4CA7-9186-E6042A9FDFBE}.Release|Any CPU.Build.0 = Release|Any CPU
	EndGlobalSection
	GlobalSection(SolutionProperties) = preSolution
		HideSolutionNode = FALSE
	EndGlobalSection
EndGlobal
